# THIS IS AN AUTOGENERATED FILE. DO NOT EDIT THIS FILE DIRECTLY.
# yarn lockfile v1


"@bower_components/easeljs@CreateJS/EaselJS#~0.8.1":
  version "0.0.0"
  resolved "https://codeload.github.com/CreateJS/EaselJS/tar.gz/48078eb8832ef061bdc75453f686c798983386f2"

"@bower_components/jquery@jquery/jquery-dist#~2.1.4":
  version "2.1.4"
  resolved "https://codeload.github.com/jquery/jquery-dist/tar.gz/7751e69b615c6eca6f783a81e292a55725af6b85"

"@bower_components/lodash@lodash/lodash#~3.10.1":
  version "3.10.1"
  resolved "https://codeload.github.com/lodash/lodash/tar.gz/dfbd78f71de0550068fc82ce6e013d443e5037d7"

"@bower_components/slick.js@kenwheeler/slick#~1.5.8":
  version "1.5.9"
  resolved "https://codeload.github.com/kenwheeler/slick/tar.gz/96ab6811b302a35f82b2128e350ee25c583df408"
  dependencies:
    jquery ">=1.7.2"

jquery@>=1.7.2, jquery@^3.5.1:
  version "3.5.1"
  resolved "https://registry.yarnpkg.com/jquery/-/jquery-3.5.1.tgz#d7b4d08e1bfdb86ad2f1a3d039ea17304717abb5"
  integrity sha512-XwIBPqcMn57FxfT+Go5pzySnm4KWkT1Tv7gjrpT1srtf8Weynl6R273VJ5GjkRb51IzMp5nbaPjJXMWeju2MKg==
